
Microsoft Visual Studio Solution File, Format Version 12.00
# Visual Studio Version 16
VisualStudioVersion = 16.0.29430.225
MinimumVisualStudioVersion = 10.0.40219.1
Project("{FAE04EC0-301F-11D3-BF4B-00C04F79EFBC}") = "PokemonExplorer.Android", "PokemonExplorer\PokemonExplorer.Android\PokemonExplorer.Android.csproj", "{F9F064D2-24FD-4BB7-A433-24DE0C48E139}"
EndProject
Project("{FAE04EC0-301F-11D3-BF4B-00C04F79EFBC}") = "PokemonExplorer", "PokemonExplorer\PokemonExplorer\PokemonExplorer.csproj", "{FFCB5BD1-6009-497C-9AF3-5F1CBDB85DD4}"
EndProject
Global
	GlobalSection(SolutionConfigurationPlatforms) = preSolution
		Debug|Any CPU = Debug|Any CPU
		Release|Any CPU = Release|Any CPU
	EndGlobalSection
	GlobalSection(ProjectConfigurationPlatforms) = postSolution
		{F9F064D2-24FD-4BB7-A433-24DE0C48E139}.Debug|Any CPU.ActiveCfg = Debug|Any CPU
		{F9F064D2-24FD-4BB7-A433-24DE0C48E139}.Debug|Any CPU.Build.0 = Debug|Any CPU
		{F9F064D2-24FD-4BB7-A433-24DE0C48E139}.Debug|Any CPU.Deploy.0 = Debug|Any CPU
		{F9F064D2-24FD-4BB7-A433-24DE0C48E139}.Release|Any CPU.ActiveCfg = Release|Any CPU
		{F9F064D2-24FD-4BB7-A433-24DE0C48E139}.Release|Any CPU.Build.0 = Release|Any CPU
		{F9F064D2-24FD-4BB7-A433-24DE0C48E139}.Release|Any CPU.Deploy.0 = Release|Any CPU
		{FFCB5BD1-6009-497C-9AF3-5F1CBDB85DD4}.Debug|Any CPU.ActiveCfg = Debug|Any CPU
		{FFCB5BD1-6009-497C-9AF3-5F1CBDB85DD4}.Debug|Any CPU.Build.0 = Debug|Any CPU
		{FFCB5BD1-6009-497C-9AF3-5F1CBDB85DD4}.Debug|Any CPU.Deploy.0 = Debug|Any CPU
		{FFCB5BD1-6009-497C-9AF3-5F1CBDB85DD4}.Release|Any CPU.ActiveCfg = Release|Any CPU
		{FFCB5BD1-6009-497C-9AF3-5F1CBDB85DD4}.Release|Any CPU.Build.0 = Release|Any CPU
		{FFCB5BD1-6009-497C-9AF3-5F1CBDB85DD4}.Release|Any CPU.Deploy.0 = Release|Any CPU
	EndGlobalSection
	GlobalSection(SolutionProperties) = preSolution
		HideSolutionNode = FALSE
	EndGlobalSection
	GlobalSection(ExtensibilityGlobals) = postSolution
		SolutionGuid = {B2B23C06-C000-49E0-A92B-DD498781892F}
	EndGlobalSection
EndGlobal
